
Microsoft Visual Studio Solution File, Format Version 10.00
# Visual Studio 2008
Project("{FAE04EC0-301F-11D3-BF4B-00C04F79EFBC}") = "OpenLRS_Configurator", "OpenLRS_Configurator\OpenLRS_Configurator.csproj", "{B6F1DD40-D1AD-4401-9F70-272961F28918}"
EndProject
Global
	GlobalSection(SolutionConfigurationPlatforms) = preSolution
		Debug|Any CPU = Debug|Any CPU
		Release|Any CPU = Release|Any CPU
	EndGlobalSection
	GlobalSection(ProjectConfigurationPlatforms) = postSolution
		{B6F1DD40-D1AD-4401-9F70-272961F28918}.Debug|Any CPU.ActiveCfg = Debug|Any CPU
		{B6F1DD40-D1AD-4401-9F70-272961F28918}.Debug|Any CPU.Build.0 = Debug|Any CPU
		{B6F1DD40-D1AD-4401-9F70-272961F28918}.Release|Any CPU.ActiveCfg = Release|Any CPU
		{B6F1DD40-D1AD-4401-9F70-272961F28918}.Release|Any CPU.Build.0 = Release|Any CPU
	EndGlobalSection
	GlobalSection(SolutionProperties) = preSolution
		HideSolutionNode = FALSE
	EndGlobalSection
EndGlobal
