
Microsoft Visual Studio Solution File, Format Version 10.00
# Visual Studio 2008
Project("{FAE04EC0-301F-11D3-BF4B-00C04F79EFBC}") = "Spectrum_Analyzer_GUI", "Spectrum_Analyzer_GUI\Spectrum_Analyzer_GUI.csproj", "{7816CDE7-E318-457C-B298-ECBC7BD255D8}"
EndProject
Global
	GlobalSection(SolutionConfigurationPlatforms) = preSolution
		Debug|Any CPU = Debug|Any CPU
		Release|Any CPU = Release|Any CPU
	EndGlobalSection
	GlobalSection(ProjectConfigurationPlatforms) = postSolution
		{7816CDE7-E318-457C-B298-ECBC7BD255D8}.Debug|Any CPU.ActiveCfg = Debug|Any CPU
		{7816CDE7-E318-457C-B298-ECBC7BD255D8}.Debug|Any CPU.Build.0 = Debug|Any CPU
		{7816CDE7-E318-457C-B298-ECBC7BD255D8}.Release|Any CPU.ActiveCfg = Release|Any CPU
		{7816CDE7-E318-457C-B298-ECBC7BD255D8}.Release|Any CPU.Build.0 = Release|Any CPU
	EndGlobalSection
	GlobalSection(SolutionProperties) = preSolution
		HideSolutionNode = FALSE
	EndGlobalSection
EndGlobal
